
Microsoft Visual Studio Solution File, Format Version 12.00
# Visual Studio Version 17
VisualStudioVersion = 17.5.002.0
MinimumVisualStudioVersion = 10.0.40219.1
Project("{9A19103F-16F7-4668-BE54-9A1E7A4F7556}") = "API_SAP_Magento", "API_SAP_Magento.csproj", "{2FA92FD8-C274-434B-AA9A-96E706258BF1}"
EndProject
Global
	GlobalSection(SolutionConfigurationPlatforms) = preSolution
		Debug|Any CPU = Debug|Any CPU
		Release|Any CPU = Release|Any CPU
	EndGlobalSection
	GlobalSection(ProjectConfigurationPlatforms) = postSolution
		{2FA92FD8-C274-434B-AA9A-96E706258BF1}.Debug|Any CPU.ActiveCfg = Debug|Any CPU
		{2FA92FD8-C274-434B-AA9A-96E706258BF1}.Debug|Any CPU.Build.0 = Debug|Any CPU
		{2FA92FD8-C274-434B-AA9A-96E706258BF1}.Release|Any CPU.ActiveCfg = Release|Any CPU
		{2FA92FD8-C274-434B-AA9A-96E706258BF1}.Release|Any CPU.Build.0 = Release|Any CPU
	EndGlobalSection
	GlobalSection(SolutionProperties) = preSolution
		HideSolutionNode = FALSE
	EndGlobalSection
	GlobalSection(ExtensibilityGlobals) = postSolution
		SolutionGuid = {75F4D81D-DCE2-4B1D-A4B2-86E4C153A85A}
	EndGlobalSection
EndGlobal
